
Microsoft Visual Studio Solution File, Format Version 12.00
# Visual Studio 15
VisualStudioVersion = 15.0.27703.2026
MinimumVisualStudioVersion = 10.0.40219.1
Project("{FAE04EC0-301F-11D3-BF4B-00C04F79EFBC}") = "HeliBot", "HeliBot\HeliBot.csproj", "{062CA501-73BB-48FA-9DD5-85206A52F69E}"
EndProject
Global
	GlobalSection(SolutionConfigurationPlatforms) = preSolution
		Debug|Any CPU = Debug|Any CPU
		Release|Any CPU = Release|Any CPU
	EndGlobalSection
	GlobalSection(ProjectConfigurationPlatforms) = postSolution
		{062CA501-73BB-48FA-9DD5-85206A52F69E}.Debug|Any CPU.ActiveCfg = Debug|Any CPU
		{062CA501-73BB-48FA-9DD5-85206A52F69E}.Debug|Any CPU.Build.0 = Debug|Any CPU
		{062CA501-73BB-48FA-9DD5-85206A52F69E}.Release|Any CPU.ActiveCfg = Release|Any CPU
		{062CA501-73BB-48FA-9DD5-85206A52F69E}.Release|Any CPU.Build.0 = Release|Any CPU
	EndGlobalSection
	GlobalSection(SolutionProperties) = preSolution
		HideSolutionNode = FALSE
	EndGlobalSection
	GlobalSection(ExtensibilityGlobals) = postSolution
		SolutionGuid = {8F31EA28-0297-4E42-B605-97518D297395}
	EndGlobalSection
EndGlobal
